
Microsoft Visual Studio Solution File, Format Version 12.00
# Visual Studio Version 17
VisualStudioVersion = 17.3.32901.215
MinimumVisualStudioVersion = 10.0.40219.1
Project("{FAE04EC0-301F-11D3-BF4B-00C04F79EFBC}") = "AzDOEmailOnFieldChange", "AzDOEmailOnFieldChange\AzDOEmailOnFieldChange.csproj", "{AF100F53-5A32-48F6-945B-86F62AA25179}"
EndProject
Global
	GlobalSection(SolutionConfigurationPlatforms) = preSolution
		Debug|Any CPU = Debug|Any CPU
		Release|Any CPU = Release|Any CPU
	EndGlobalSection
	GlobalSection(ProjectConfigurationPlatforms) = postSolution
		{AF100F53-5A32-48F6-945B-86F62AA25179}.Debug|Any CPU.ActiveCfg = Debug|Any CPU
		{AF100F53-5A32-48F6-945B-86F62AA25179}.Debug|Any CPU.Build.0 = Debug|Any CPU
		{AF100F53-5A32-48F6-945B-86F62AA25179}.Release|Any CPU.ActiveCfg = Release|Any CPU
		{AF100F53-5A32-48F6-945B-86F62AA25179}.Release|Any CPU.Build.0 = Release|Any CPU
	EndGlobalSection
	GlobalSection(SolutionProperties) = preSolution
		HideSolutionNode = FALSE
	EndGlobalSection
	GlobalSection(ExtensibilityGlobals) = postSolution
		SolutionGuid = {310ED0B2-DFC5-44DB-A4EC-ACEC0B17F5E3}
	EndGlobalSection
EndGlobal
